
Microsoft Visual Studio Solution File, Format Version 12.00
# Visual Studio Version 17
VisualStudioVersion = 17.11.35327.3
MinimumVisualStudioVersion = 10.0.40219.1
Project("{9A19103F-16F7-4668-BE54-9A1E7A4F7556}") = "q1", "q1.csproj", "{BC4CA5E3-7396-44FA-B070-9B54D5205953}"
EndProject
Project("{9A19103F-16F7-4668-BE54-9A1E7A4F7556}") = "q2", "..\q2\q2.csproj", "{8FA83637-7391-4EC2-8C4C-2922621B10AD}"
EndProject
Project("{9A19103F-16F7-4668-BE54-9A1E7A4F7556}") = "q3", "..\q3\q3.csproj", "{46C7027F-1B13-40F1-8E3B-AF69FFB8B541}"
EndProject
Project("{9A19103F-16F7-4668-BE54-9A1E7A4F7556}") = "q4", "..\q4\q4.csproj", "{1A29344F-E25D-42E4-9096-A6C056BE9924}"
EndProject
Project("{9A19103F-16F7-4668-BE54-9A1E7A4F7556}") = "q5", "..\q5\q5.csproj", "{E662885D-6D8E-4975-8F68-7DDDE8C4BC15}"
EndProject
Project("{9A19103F-16F7-4668-BE54-9A1E7A4F7556}") = "q6", "..\q6\q6.csproj", "{62AE6EBC-0729-4CE3-BC71-96975A186D57}"
EndProject
Project("{9A19103F-16F7-4668-BE54-9A1E7A4F7556}") = "q7", "..\q7\q7.csproj", "{E9045BCB-0ED0-432B-908E-96596730EC5A}"
EndProject
Project("{9A19103F-16F7-4668-BE54-9A1E7A4F7556}") = "q8", "..\q8\q8.csproj", "{3453837E-E98A-4938-9BC0-19E8D4C1CC58}"
EndProject
Project("{9A19103F-16F7-4668-BE54-9A1E7A4F7556}") = "q9", "..\q9\q9.csproj", "{4DD980E4-C1A0-404C-A9C4-D50A77D79DDA}"
EndProject
Project("{9A19103F-16F7-4668-BE54-9A1E7A4F7556}") = "q10", "..\q10\q10.csproj", "{82A82B32-E4E0-48B3-9F60-75B2EC84F89D}"
EndProject
Project("{9A19103F-16F7-4668-BE54-9A1E7A4F7556}") = "q11", "..\q11\q11.csproj", "{5EE3FDD5-4BFC-4DF3-A97D-1A272CFCD2A0}"
EndProject
Project("{FAE04EC0-301F-11D3-BF4B-00C04F79EFBC}") = "q12", "..\q12\q12.csproj", "{2B8BA6F9-36CC-4F4F-9CB6-4B9C81E956F3}"
EndProject
Project("{FAE04EC0-301F-11D3-BF4B-00C04F79EFBC}") = "q13", "..\q13\q13.csproj", "{25AF437E-C21C-4311-AA30-13A7A7BC68FA}"
EndProject
Project("{FAE04EC0-301F-11D3-BF4B-00C04F79EFBC}") = "q14", "..\q14\q14.csproj", "{346E34F6-2A64-4455-9472-D38CEC0E2F89}"
EndProject
Global
	GlobalSection(SolutionConfigurationPlatforms) = preSolution
		Debug|Any CPU = Debug|Any CPU
		Release|Any CPU = Release|Any CPU
	EndGlobalSection
	GlobalSection(ProjectConfigurationPlatforms) = postSolution
		{BC4CA5E3-7396-44FA-B070-9B54D5205953}.Debug|Any CPU.ActiveCfg = Debug|Any CPU
		{BC4CA5E3-7396-44FA-B070-9B54D5205953}.Debug|Any CPU.Build.0 = Debug|Any CPU
		{BC4CA5E3-7396-44FA-B070-9B54D5205953}.Release|Any CPU.ActiveCfg = Release|Any CPU
		{BC4CA5E3-7396-44FA-B070-9B54D5205953}.Release|Any CPU.Build.0 = Release|Any CPU
		{8FA83637-7391-4EC2-8C4C-2922621B10AD}.Debug|Any CPU.ActiveCfg = Debug|Any CPU
		{8FA83637-7391-4EC2-8C4C-2922621B10AD}.Debug|Any CPU.Build.0 = Debug|Any CPU
		{8FA83637-7391-4EC2-8C4C-2922621B10AD}.Release|Any CPU.ActiveCfg = Release|Any CPU
		{8FA83637-7391-4EC2-8C4C-2922621B10AD}.Release|Any CPU.Build.0 = Release|Any CPU
		{46C7027F-1B13-40F1-8E3B-AF69FFB8B541}.Debug|Any CPU.ActiveCfg = Debug|Any CPU
		{46C7027F-1B13-40F1-8E3B-AF69FFB8B541}.Debug|Any CPU.Build.0 = Debug|Any CPU
		{46C7027F-1B13-40F1-8E3B-AF69FFB8B541}.Release|Any CPU.ActiveCfg = Release|Any CPU
		{46C7027F-1B13-40F1-8E3B-AF69FFB8B541}.Release|Any CPU.Build.0 = Release|Any CPU
		{1A29344F-E25D-42E4-9096-A6C056BE9924}.Debug|Any CPU.ActiveCfg = Debug|Any CPU
		{1A29344F-E25D-42E4-9096-A6C056BE9924}.Debug|Any CPU.Build.0 = Debug|Any CPU
		{1A29344F-E25D-42E4-9096-A6C056BE9924}.Release|Any CPU.ActiveCfg = Release|Any CPU
		{1A29344F-E25D-42E4-9096-A6C056BE9924}.Release|Any CPU.Build.0 = Release|Any CPU
		{E662885D-6D8E-4975-8F68-7DDDE8C4BC15}.Debug|Any CPU.ActiveCfg = Debug|Any CPU
		{E662885D-6D8E-4975-8F68-7DDDE8C4BC15}.Debug|Any CPU.Build.0 = Debug|Any CPU
		{E662885D-6D8E-4975-8F68-7DDDE8C4BC15}.Release|Any CPU.ActiveCfg = Release|Any CPU
		{E662885D-6D8E-4975-8F68-7DDDE8C4BC15}.Release|Any CPU.Build.0 = Release|Any CPU
		{62AE6EBC-0729-4CE3-BC71-96975A186D57}.Debug|Any CPU.ActiveCfg = Debug|Any CPU
		{62AE6EBC-0729-4CE3-BC71-96975A186D57}.Debug|Any CPU.Build.0 = Debug|Any CPU
		{62AE6EBC-0729-4CE3-BC71-96975A186D57}.Release|Any CPU.ActiveCfg = Release|Any CPU
		{62AE6EBC-0729-4CE3-BC71-96975A186D57}.Release|Any CPU.Build.0 = Release|Any CPU
		{E9045BCB-0ED0-432B-908E-96596730EC5A}.Debug|Any CPU.ActiveCfg = Debug|Any CPU
		{E9045BCB-0ED0-432B-908E-96596730EC5A}.Debug|Any CPU.Build.0 = Debug|Any CPU
		{E9045BCB-0ED0-432B-908E-96596730EC5A}.Release|Any CPU.ActiveCfg = Release|Any CPU
		{E9045BCB-0ED0-432B-908E-96596730EC5A}.Release|Any CPU.Build.0 = Release|Any CPU
		{3453837E-E98A-4938-9BC0-19E8D4C1CC58}.Debug|Any CPU.ActiveCfg = Debug|Any CPU
		{3453837E-E98A-4938-9BC0-19E8D4C1CC58}.Debug|Any CPU.Build.0 = Debug|Any CPU
		{3453837E-E98A-4938-9BC0-19E8D4C1CC58}.Release|Any CPU.ActiveCfg = Release|Any CPU
		{3453837E-E98A-4938-9BC0-19E8D4C1CC58}.Release|Any CPU.Build.0 = Release|Any CPU
		{4DD980E4-C1A0-404C-A9C4-D50A77D79DDA}.Debug|Any CPU.ActiveCfg = Debug|Any CPU
		{4DD980E4-C1A0-404C-A9C4-D50A77D79DDA}.Debug|Any CPU.Build.0 = Debug|Any CPU
		{4DD980E4-C1A0-404C-A9C4-D50A77D79DDA}.Release|Any CPU.ActiveCfg = Release|Any CPU
		{4DD980E4-C1A0-404C-A9C4-D50A77D79DDA}.Release|Any CPU.Build.0 = Release|Any CPU
		{82A82B32-E4E0-48B3-9F60-75B2EC84F89D}.Debug|Any CPU.ActiveCfg = Debug|Any CPU
		{82A82B32-E4E0-48B3-9F60-75B2EC84F89D}.Debug|Any CPU.Build.0 = Debug|Any CPU
		{82A82B32-E4E0-48B3-9F60-75B2EC84F89D}.Release|Any CPU.ActiveCfg = Release|Any CPU
		{82A82B32-E4E0-48B3-9F60-75B2EC84F89D}.Release|Any CPU.Build.0 = Release|Any CPU
		{5EE3FDD5-4BFC-4DF3-A97D-1A272CFCD2A0}.Debug|Any CPU.ActiveCfg = Debug|Any CPU
		{5EE3FDD5-4BFC-4DF3-A97D-1A272CFCD2A0}.Debug|Any CPU.Build.0 = Debug|Any CPU
		{5EE3FDD5-4BFC-4DF3-A97D-1A272CFCD2A0}.Release|Any CPU.ActiveCfg = Release|Any CPU
		{5EE3FDD5-4BFC-4DF3-A97D-1A272CFCD2A0}.Release|Any CPU.Build.0 = Release|Any CPU
		{2B8BA6F9-36CC-4F4F-9CB6-4B9C81E956F3}.Debug|Any CPU.ActiveCfg = Debug|Any CPU
		{2B8BA6F9-36CC-4F4F-9CB6-4B9C81E956F3}.Debug|Any CPU.Build.0 = Debug|Any CPU
		{2B8BA6F9-36CC-4F4F-9CB6-4B9C81E956F3}.Release|Any CPU.ActiveCfg = Release|Any CPU
		{2B8BA6F9-36CC-4F4F-9CB6-4B9C81E956F3}.Release|Any CPU.Build.0 = Release|Any CPU
		{25AF437E-C21C-4311-AA30-13A7A7BC68FA}.Debug|Any CPU.ActiveCfg = Debug|Any CPU
		{25AF437E-C21C-4311-AA30-13A7A7BC68FA}.Debug|Any CPU.Build.0 = Debug|Any CPU
		{25AF437E-C21C-4311-AA30-13A7A7BC68FA}.Release|Any CPU.ActiveCfg = Release|Any CPU
		{25AF437E-C21C-4311-AA30-13A7A7BC68FA}.Release|Any CPU.Build.0 = Release|Any CPU
		{346E34F6-2A64-4455-9472-D38CEC0E2F89}.Debug|Any CPU.ActiveCfg = Debug|Any CPU
		{346E34F6-2A64-4455-9472-D38CEC0E2F89}.Debug|Any CPU.Build.0 = Debug|Any CPU
		{346E34F6-2A64-4455-9472-D38CEC0E2F89}.Release|Any CPU.ActiveCfg = Release|Any CPU
		{346E34F6-2A64-4455-9472-D38CEC0E2F89}.Release|Any CPU.Build.0 = Release|Any CPU
	EndGlobalSection
	GlobalSection(SolutionProperties) = preSolution
		HideSolutionNode = FALSE
	EndGlobalSection
	GlobalSection(ExtensibilityGlobals) = postSolution
		SolutionGuid = {959ACF5D-8F1C-4B70-8C34-CC948B8B0660}
	EndGlobalSection
EndGlobal
